// !$*UTF8*$!
{
	archiveVersion = 1;
	classes = {
	};
	objectVersion = 50;
	objects = {

/* Begin PBXBuildFile section */
		1E4DBA3F24D298B7002E7CDD /* WasteImageClassifier 1.mlmodel in Sources */ = {isa = PBXBuildFile; fileRef = 1E4DBA3E24D298B7002E7CDD /* WasteImageClassifier 1.mlmodel */; };
		1E4DBA5724D2E52A002E7CDD /* 3875681-removebg-preview.png in Resources */ = {isa = PBXBuildFile; fileRef = 1E4DBA5624D2E52A002E7CDD /* 3875681-removebg-preview.png */; };
		1E4EE94624D8483F007FE882 /* ALLWaste 1.mlmodel in Sources */ = {isa = PBXBuildFile; fileRef = 1E4EE94524D8483F007FE882 /* ALLWaste 1.mlmodel */; };
		1E4EE94824D84895007FE882 /* PL.jpg in Resources */ = {isa = PBXBuildFile; fileRef = 1E4EE94724D84895007FE882 /* PL.jpg */; };
		1E4EE94A24D848AB007FE882 /* E.jpg in Resources */ = {isa = PBXBuildFile; fileRef = 1E4EE94924D848AA007FE882 /* E.jpg */; };
		1E4EE94C24D848C5007FE882 /* M.jpg in Resources */ = {isa = PBXBuildFile; fileRef = 1E4EE94B24D848C5007FE882 /* M.jpg */; };
		1E4EE94E24D848D6007FE882 /* P.jpg in Resources */ = {isa = PBXBuildFile; fileRef = 1E4EE94D24D848D6007FE882 /* P.jpg */; };
		1E4EE95024D848FD007FE882 /* G.jpg in Resources */ = {isa = PBXBuildFile; fileRef = 1E4EE94F24D848FD007FE882 /* G.jpg */; };
		1E4EE95224D8491E007FE882 /* O.jpg in Resources */ = {isa = PBXBuildFile; fileRef = 1E4EE95124D8491E007FE882 /* O.jpg */; };
		1E4EE95424D84ED9007FE882 /* X.png in Resources */ = {isa = PBXBuildFile; fileRef = 1E4EE95324D84ED9007FE882 /* X.png */; };
		1E4EE95C24D8525A007FE882 /* OR.png in Resources */ = {isa = PBXBuildFile; fileRef = 1E4EE95524D85259007FE882 /* OR.png */; };
		1E4EE95D24D8525A007FE882 /* BL.png in Resources */ = {isa = PBXBuildFile; fileRef = 1E4EE95624D85259007FE882 /* BL.png */; };
		1E4EE95E24D8525A007FE882 /* BR.png in Resources */ = {isa = PBXBuildFile; fileRef = 1E4EE95724D85259007FE882 /* BR.png */; };
		1E4EE95F24D8525A007FE882 /* GR.png in Resources */ = {isa = PBXBuildFile; fileRef = 1E4EE95824D85259007FE882 /* GR.png */; };
		1E4EE96024D8525A007FE882 /* YE.png in Resources */ = {isa = PBXBuildFile; fileRef = 1E4EE95924D85259007FE882 /* YE.png */; };
		1E4EE96124D8525A007FE882 /* RE.png in Resources */ = {isa = PBXBuildFile; fileRef = 1E4EE95A24D8525A007FE882 /* RE.png */; };
		1E4EE96224D8525A007FE882 /* BLACK.png in Resources */ = {isa = PBXBuildFile; fileRef = 1E4EE95B24D8525A007FE882 /* BLACK.png */; };
		1E4EE96924D864B5007FE882 /* M1.png in Resources */ = {isa = PBXBuildFile; fileRef = 1E4EE96324D864B5007FE882 /* M1.png */; };
		1E4EE96A24D864B5007FE882 /* P1.png in Resources */ = {isa = PBXBuildFile; fileRef = 1E4EE96424D864B5007FE882 /* P1.png */; };
		1E4EE96B24D864B5007FE882 /* O1.png in Resources */ = {isa = PBXBuildFile; fileRef = 1E4EE96524D864B5007FE882 /* O1.png */; };
		1E4EE96C24D864B5007FE882 /* PL1.png in Resources */ = {isa = PBXBuildFile; fileRef = 1E4EE96624D864B5007FE882 /* PL1.png */; };
		1E4EE96D24D864B5007FE882 /* E1.png in Resources */ = {isa = PBXBuildFile; fileRef = 1E4EE96724D864B5007FE882 /* E1.png */; };
		1E4EE96E24D864B5007FE882 /* G1.png in Resources */ = {isa = PBXBuildFile; fileRef = 1E4EE96824D864B5007FE882 /* G1.png */; };
		1EBCAD7724D1B4C900F83F2E /* AppDelegate.swift in Sources */ = {isa = PBXBuildFile; fileRef = 1EBCAD7624D1B4C900F83F2E /* AppDelegate.swift */; };
		1EBCAD7924D1B4C900F83F2E /* SceneDelegate.swift in Sources */ = {isa = PBXBuildFile; fileRef = 1EBCAD7824D1B4C900F83F2E /* SceneDelegate.swift */; };
		1EBCAD7B24D1B4C900F83F2E /* ViewController.swift in Sources */ = {isa = PBXBuildFile; fileRef = 1EBCAD7A24D1B4C900F83F2E /* ViewController.swift */; };
		1EBCAD7E24D1B4C900F83F2E /* Main.storyboard in Resources */ = {isa = PBXBuildFile; fileRef = 1EBCAD7C24D1B4C900F83F2E /* Main.storyboard */; };
		1EBCAD8024D1B4CD00F83F2E /* Assets.xcassets in Resources */ = {isa = PBXBuildFile; fileRef = 1EBCAD7F24D1B4CD00F83F2E /* Assets.xcassets */; };
		1EBCAD8324D1B4CD00F83F2E /* LaunchScreen.storyboard in Resources */ = {isa = PBXBuildFile; fileRef = 1EBCAD8124D1B4CD00F83F2E /* LaunchScreen.storyboard */; };
/* End PBXBuildFile section */

/* Begin PBXFileReference section */
		1E4DBA3E24D298B7002E7CDD /* WasteImageClassifier 1.mlmodel */ = {isa = PBXFileReference; lastKnownFileType = file.mlmodel; path = "WasteImageClassifier 1.mlmodel"; sourceTree = "<group>"; };
		1E4DBA5624D2E52A002E7CDD /* 3875681-removebg-preview.png */ = {isa = PBXFileReference; lastKnownFileType = image.png; path = "3875681-removebg-preview.png"; sourceTree = "<group>"; };
		1E4EE94524D8483F007FE882 /* ALLWaste 1.mlmodel */ = {isa = PBXFileReference; lastKnownFileType = file.mlmodel; path = "ALLWaste 1.mlmodel"; sourceTree = "<group>"; };
		1E4EE94724D84895007FE882 /* PL.jpg */ = {isa = PBXFileReference; lastKnownFileType = image.jpeg; path = PL.jpg; sourceTree = "<group>"; };
		1E4EE94924D848AA007FE882 /* E.jpg */ = {isa = PBXFileReference; lastKnownFileType = image.jpeg; path = E.jpg; sourceTree = "<group>"; };
		1E4EE94B24D848C5007FE882 /* M.jpg */ = {isa = PBXFileReference; lastKnownFileType = image.jpeg; path = M.jpg; sourceTree = "<group>"; };
		1E4EE94D24D848D6007FE882 /* P.jpg */ = {isa = PBXFileReference; lastKnownFileType = image.jpeg; path = P.jpg; sourceTree = "<group>"; };
		1E4EE94F24D848FD007FE882 /* G.jpg */ = {isa = PBXFileReference; lastKnownFileType = image.jpeg; path = G.jpg; sourceTree = "<group>"; };
		1E4EE95124D8491E007FE882 /* O.jpg */ = {isa = PBXFileReference; lastKnownFileType = image.jpeg; path = O.jpg; sourceTree = "<group>"; };
		1E4EE95324D84ED9007FE882 /* X.png */ = {isa = PBXFileReference; lastKnownFileType = image.png; path = X.png; sourceTree = "<group>"; };
		1E4EE95524D85259007FE882 /* OR.png */ = {isa = PBXFileReference; lastKnownFileType = image.png; path = OR.png; sourceTree = "<group>"; };
		1E4EE95624D85259007FE882 /* BL.png */ = {isa = PBXFileReference; lastKnownFileType = image.png; path = BL.png; sourceTree = "<group>"; };
		1E4EE95724D85259007FE882 /* BR.png */ = {isa = PBXFileReference; lastKnownFileType = image.png; path = BR.png; sourceTree = "<group>"; };
		1E4EE95824D85259007FE882 /* GR.png */ = {isa = PBXFileReference; lastKnownFileType = image.png; path = GR.png; sourceTree = "<group>"; };
		1E4EE95924D85259007FE882 /* YE.png */ = {isa = PBXFileReference; lastKnownFileType = image.png; path = YE.png; sourceTree = "<group>"; };
		1E4EE95A24D8525A007FE882 /* RE.png */ = {isa = PBXFileReference; lastKnownFileType = image.png; path = RE.png; sourceTree = "<group>"; };
		1E4EE95B24D8525A007FE882 /* BLACK.png */ = {isa = PBXFileReference; lastKnownFileType = image.png; path = BLACK.png; sourceTree = "<group>"; };
		1E4EE96324D864B5007FE882 /* M1.png */ = {isa = PBXFileReference; lastKnownFileType = image.png; path = M1.png; sourceTree = "<group>"; };
		1E4EE96424D864B5007FE882 /* P1.png */ = {isa = PBXFileReference; lastKnownFileType = image.png; path = P1.png; sourceTree = "<group>"; };
		1E4EE96524D864B5007FE882 /* O1.png */ = {isa = PBXFileReference; lastKnownFileType = image.png; path = O1.png; sourceTree = "<group>"; };
		1E4EE96624D864B5007FE882 /* PL1.png */ = {isa = PBXFileReference; lastKnownFileType = image.png; path = PL1.png; sourceTree = "<group>"; };
		1E4EE96724D864B5007FE882 /* E1.png */ = {isa = PBXFileReference; lastKnownFileType = image.png; path = E1.png; sourceTree = "<group>"; };
		1E4EE96824D864B5007FE882 /* G1.png */ = {isa = PBXFileReference; lastKnownFileType = image.png; path = G1.png; sourceTree = "<group>"; };
		1EBCAD7324D1B4C900F83F2E /* Spot the WASTE.app */ = {isa = PBXFileReference; explicitFileType = wrapper.application; includeInIndex = 0; path = "Spot the WASTE.app"; sourceTree = BUILT_PRODUCTS_DIR; };
		1EBCAD7624D1B4C900F83F2E /* AppDelegate.swift */ = {isa = PBXFileReference; lastKnownFileType = sourcecode.swift; path = AppDelegate.swift; sourceTree = "<group>"; };
		1EBCAD7824D1B4C900F83F2E /* SceneDelegate.swift */ = {isa = PBXFileReference; lastKnownFileType = sourcecode.swift; path = SceneDelegate.swift; sourceTree = "<group>"; };
		1EBCAD7A24D1B4C900F83F2E /* ViewController.swift */ = {isa = PBXFileReference; lastKnownFileType = sourcecode.swift; path = ViewController.swift; sourceTree = "<group>"; };
		1EBCAD7D24D1B4C900F83F2E /* Base */ = {isa = PBXFileReference; lastKnownFileType = file.storyboard; name = Base; path = Base.lproj/Main.storyboard; sourceTree = "<group>"; };
		1EBCAD7F24D1B4CD00F83F2E /* Assets.xcassets */ = {isa = PBXFileReference; lastKnownFileType = folder.assetcatalog; path = Assets.xcassets; sourceTree = "<group>"; };
		1EBCAD8224D1B4CD00F83F2E /* Base */ = {isa = PBXFileReference; lastKnownFileType = file.storyboard; name = Base; path = Base.lproj/LaunchScreen.storyboard; sourceTree = "<group>"; };
		1EBCAD8424D1B4CD00F83F2E /* Info.plist */ = {isa = PBXFileReference; lastKnownFileType = text.plist.xml; path = Info.plist; sourceTree = "<group>"; };
		1EBCAD8C24D1CD3800F83F2E /* Spot the WASTE.entitlements */ = {isa = PBXFileReference; lastKnownFileType = text.plist.entitlements; path = "Spot the WASTE.entitlements"; sourceTree = "<group>"; };
/* End PBXFileReference section */

/* Begin PBXFrameworksBuildPhase section */
		1EBCAD7024D1B4C900F83F2E /* Frameworks */ = {
			isa = PBXFrameworksBuildPhase;
			buildActionMask = 2147483647;
			files = (
			);
			runOnlyForDeploymentPostprocessing = 0;
		};
/* End PBXFrameworksBuildPhase section */

/* Begin PBXGroup section */
		1EBCAD6A24D1B4C900F83F2E = {
			isa = PBXGroup;
			children = (
				1EBCAD7524D1B4C900F83F2E /* Spot the WASTE */,
				1EBCAD7424D1B4C900F83F2E /* Products */,
			);
			sourceTree = "<group>";
		};
		1EBCAD7424D1B4C900F83F2E /* Products */ = {
			isa = PBXGroup;
			children = (
				1EBCAD7324D1B4C900F83F2E /* Spot the WASTE.app */,
			);
			name = Products;
			sourceTree = "<group>";
		};
		1EBCAD7524D1B4C900F83F2E /* Spot the WASTE */ = {
			isa = PBXGroup;
			children = (
				1EBCAD8C24D1CD3800F83F2E /* Spot the WASTE.entitlements */,
				1EBCAD7624D1B4C900F83F2E /* AppDelegate.swift */,
				1EBCAD7824D1B4C900F83F2E /* SceneDelegate.swift */,
				1EBCAD7A24D1B4C900F83F2E /* ViewController.swift */,
				1EBCAD7C24D1B4C900F83F2E /* Main.storyboard */,
				1EBCAD7F24D1B4CD00F83F2E /* Assets.xcassets */,
				1EBCAD8124D1B4CD00F83F2E /* LaunchScreen.storyboard */,
				1EBCAD8424D1B4CD00F83F2E /* Info.plist */,
				1E4DBA5624D2E52A002E7CDD /* 3875681-removebg-preview.png */,
				1E4EE94724D84895007FE882 /* PL.jpg */,
				1E4EE94924D848AA007FE882 /* E.jpg */,
				1E4EE94B24D848C5007FE882 /* M.jpg */,
				1E4EE94D24D848D6007FE882 /* P.jpg */,
				1E4EE95124D8491E007FE882 /* O.jpg */,
				1E4EE94F24D848FD007FE882 /* G.jpg */,
				1E4EE95324D84ED9007FE882 /* X.png */,
				1E4EE95624D85259007FE882 /* BL.png */,
				1E4EE95B24D8525A007FE882 /* BLACK.png */,
				1E4EE95724D85259007FE882 /* BR.png */,
				1E4EE95824D85259007FE882 /* GR.png */,
				1E4EE95524D85259007FE882 /* OR.png */,
				1E4EE95A24D8525A007FE882 /* RE.png */,
				1E4EE95924D85259007FE882 /* YE.png */,
				1E4EE96724D864B5007FE882 /* E1.png */,
				1E4EE96824D864B5007FE882 /* G1.png */,
				1E4EE96324D864B5007FE882 /* M1.png */,
				1E4EE96524D864B5007FE882 /* O1.png */,
				1E4EE96424D864B5007FE882 /* P1.png */,
				1E4EE96624D864B5007FE882 /* PL1.png */,
				1E4EE94524D8483F007FE882 /* ALLWaste 1.mlmodel */,
				1E4DBA3E24D298B7002E7CDD /* WasteImageClassifier 1.mlmodel */,
			);
			path = "Spot the WASTE";
			sourceTree = "<group>";
		};
/* End PBXGroup section */

/* Begin PBXNativeTarget section */
		1EBCAD7224D1B4C900F83F2E /* Spot the WASTE */ = {
			isa = PBXNativeTarget;
			buildConfigurationList = 1EBCAD8724D1B4CD00F83F2E /* Build configuration list for PBXNativeTarget "Spot the WASTE" */;
			buildPhases = (
				1EBCAD6F24D1B4C900F83F2E /* Sources */,
				1EBCAD7024D1B4C900F83F2E /* Frameworks */,
				1EBCAD7124D1B4C900F83F2E /* Resources */,
			);
			buildRules = (
			);
			dependencies = (
			);
			name = "Spot the WASTE";
			productName = "Spot the WASTE";
			productReference = 1EBCAD7324D1B4C900F83F2E /* Spot the WASTE.app */;
			productType = "com.apple.product-type.application";
		};
/* End PBXNativeTarget section */

/* Begin PBXProject section */
		1EBCAD6B24D1B4C900F83F2E /* Project object */ = {
			isa = PBXProject;
			attributes = {
				LastSwiftUpdateCheck = 1150;
				LastUpgradeCheck = 1150;
				ORGANIZATIONNAME = "Captain Anubhav";
				TargetAttributes = {
					1EBCAD7224D1B4C900F83F2E = {
						CreatedOnToolsVersion = 11.5;
					};
				};
			};
			buildConfigurationList = 1EBCAD6E24D1B4C900F83F2E /* Build configuration list for PBXProject "Spot the WASTE" */;
			compatibilityVersion = "Xcode 9.3";
			developmentRegion = en;
			hasScannedForEncodings = 0;
			knownRegions = (
				en,
				Base,
			);
			mainGroup = 1EBCAD6A24D1B4C900F83F2E;
			productRefGroup = 1EBCAD7424D1B4C900F83F2E /* Products */;
			projectDirPath = "";
			projectRoot = "";
			targets = (
				1EBCAD7224D1B4C900F83F2E /* Spot the WASTE */,
			);
		};
/* End PBXProject section */

/* Begin PBXResourcesBuildPhase section */
		1EBCAD7124D1B4C900F83F2E /* Resources */ = {
			isa = PBXResourcesBuildPhase;
			buildActionMask = 2147483647;
			files = (
				1E4EE95D24D8525A007FE882 /* BL.png in Resources */,
				1E4EE95E24D8525A007FE882 /* BR.png in Resources */,
				1E4DBA5724D2E52A002E7CDD /* 3875681-removebg-preview.png in Resources */,
				1E4EE94824D84895007FE882 /* PL.jpg in Resources */,
				1EBCAD8324D1B4CD00F83F2E /* LaunchScreen.storyboard in Resources */,
				1E4EE95F24D8525A007FE882 /* GR.png in Resources */,
				1EBCAD8024D1B4CD00F83F2E /* Assets.xcassets in Resources */,
				1E4EE96224D8525A007FE882 /* BLACK.png in Resources */,
				1E4EE96024D8525A007FE882 /* YE.png in Resources */,
				1E4EE94C24D848C5007FE882 /* M.jpg in Resources */,
				1E4EE96B24D864B5007FE882 /* O1.png in Resources */,
				1E4EE96A24D864B5007FE882 /* P1.png in Resources */,
				1E4EE94A24D848AB007FE882 /* E.jpg in Resources */,
				1E4EE96124D8525A007FE882 /* RE.png in Resources */,
				1E4EE96D24D864B5007FE882 /* E1.png in Resources */,
				1E4EE95424D84ED9007FE882 /* X.png in Resources */,
				1E4EE96C24D864B5007FE882 /* PL1.png in Resources */,
				1E4EE96E24D864B5007FE882 /* G1.png in Resources */,
				1E4EE94E24D848D6007FE882 /* P.jpg in Resources */,
				1E4EE95224D8491E007FE882 /* O.jpg in Resources */,
				1E4EE96924D864B5007FE882 /* M1.png in Resources */,
				1E4EE95024D848FD007FE882 /* G.jpg in Resources */,
				1E4EE95C24D8525A007FE882 /* OR.png in Resources */,
				1EBCAD7E24D1B4C900F83F2E /* Main.storyboard in Resources */,
			);
			runOnlyForDeploymentPostprocessing = 0;
		};
/* End PBXResourcesBuildPhase section */

/* Begin PBXSourcesBuildPhase section */
		1EBCAD6F24D1B4C900F83F2E /* Sources */ = {
			isa = PBXSourcesBuildPhase;
			buildActionMask = 2147483647;
			files = (
				1EBCAD7B24D1B4C900F83F2E /* ViewController.swift in Sources */,
				1E4EE94624D8483F007FE882 /* ALLWaste 1.mlmodel in Sources */,
				1EBCAD7724D1B4C900F83F2E /* AppDelegate.swift in Sources */,
				1EBCAD7924D1B4C900F83F2E /* SceneDelegate.swift in Sources */,
				1E4DBA3F24D298B7002E7CDD /* WasteImageClassifier 1.mlmodel in Sources */,
			);
			runOnlyForDeploymentPostprocessing = 0;
		};
/* End PBXSourcesBuildPhase section */

/* Begin PBXVariantGroup section */
		1EBCAD7C24D1B4C900F83F2E /* Main.storyboard */ = {
			isa = PBXVariantGroup;
			children = (
				1EBCAD7D24D1B4C900F83F2E /* Base */,
			);
			name = Main.storyboard;
			sourceTree = "<group>";
		};
		1EBCAD8124D1B4CD00F83F2E /* LaunchScreen.storyboard */ = {
			isa = PBXVariantGroup;
			children = (
				1EBCAD8224D1B4CD00F83F2E /* Base */,
			);
			name = LaunchScreen.storyboard;
			sourceTree = "<group>";
		};
/* End PBXVariantGroup section */

/* Begin XCBuildConfiguration section */
		1EBCAD8524D1B4CD00F83F2E /* Debug */ = {
			isa = XCBuildConfiguration;
			buildSettings = {
				ALWAYS_SEARCH_USER_PATHS = NO;
				CLANG_ANALYZER_NONNULL = YES;
				CLANG_ANALYZER_NUMBER_OBJECT_CONVERSION = YES_AGGRESSIVE;
				CLANG_CXX_LANGUAGE_STANDARD = "gnu++14";
				CLANG_CXX_LIBRARY = "libc++";
				CLANG_ENABLE_MODULES = YES;
				CLANG_ENABLE_OBJC_ARC = YES;
				CLANG_ENABLE_OBJC_WEAK = YES;
				CLANG_WARN_BLOCK_CAPTURE_AUTORELEASING = YES;
				CLANG_WARN_BOOL_CONVERSION = YES;
				CLANG_WARN_COMMA = YES;
				CLANG_WARN_CONSTANT_CONVERSION = YES;
				CLANG_WARN_DEPRECATED_OBJC_IMPLEMENTATIONS = YES;
				CLANG_WARN_DIRECT_OBJC_ISA_USAGE = YES_ERROR;
				CLANG_WARN_DOCUMENTATION_COMMENTS = YES;
				CLANG_WARN_EMPTY_BODY = YES;
				CLANG_WARN_ENUM_CONVERSION = YES;
				CLANG_WARN_INFINITE_RECURSION = YES;
				CLANG_WARN_INT_CONVERSION = YES;
				CLANG_WARN_NON_LITERAL_NULL_CONVERSION = YES;
				CLANG_WARN_OBJC_IMPLICIT_RETAIN_SELF = YES;
				CLANG_WARN_OBJC_LITERAL_CONVERSION = YES;
				CLANG_WARN_OBJC_ROOT_CLASS = YES_ERROR;
				CLANG_WARN_RANGE_LOOP_ANALYSIS = YES;
				CLANG_WARN_STRICT_PROTOTYPES = YES;
				CLANG_WARN_SUSPICIOUS_MOVE = YES;
				CLANG_WARN_UNGUARDED_AVAILABILITY = YES_AGGRESSIVE;
				CLANG_WARN_UNREACHABLE_CODE = YES;
				CLANG_WARN__DUPLICATE_METHOD_MATCH = YES;
				COPY_PHASE_STRIP = NO;
				DEBUG_INFORMATION_FORMAT = dwarf;
				ENABLE_STRICT_OBJC_MSGSEND = YES;
				ENABLE_TESTABILITY = YES;
				GCC_C_LANGUAGE_STANDARD = gnu11;
				GCC_DYNAMIC_NO_PIC = NO;
				GCC_NO_COMMON_BLOCKS = YES;
				GCC_OPTIMIZATION_LEVEL = 0;
				GCC_PREPROCESSOR_DEFINITIONS = (
					"DEBUG=1",
					"$(inherited)",
				);
				GCC_WARN_64_TO_32_BIT_CONVERSION = YES;
				GCC_WARN_ABOUT_RETURN_TYPE = YES_ERROR;
				GCC_WARN_UNDECLARED_SELECTOR = YES;
				GCC_WARN_UNINITIALIZED_AUTOS = YES_AGGRESSIVE;
				GCC_WARN_UNUSED_FUNCTION = YES;
				GCC_WARN_UNUSED_VARIABLE = YES;
				IPHONEOS_DEPLOYMENT_TARGET = 13.5;
				MTL_ENABLE_DEBUG_INFO = INCLUDE_SOURCE;
				MTL_FAST_MATH = YES;
				ONLY_ACTIVE_ARCH = YES;
				SDKROOT = iphoneos;
				SWIFT_ACTIVE_COMPILATION_CONDITIONS = DEBUG;
				SWIFT_OPTIMIZATION_LEVEL = "-Onone";
			};
			name = Debug;
		};
		1EBCAD8624D1B4CD00F83F2E /* Release */ = {
			isa = XCBuildConfiguration;
			buildSettings = {
				ALWAYS_SEARCH_USER_PATHS = NO;
				CLANG_ANALYZER_NONNULL = YES;
				CLANG_ANALYZER_NUMBER_OBJECT_CONVERSION = YES_AGGRESSIVE;
				CLANG_CXX_LANGUAGE_STANDARD = "gnu++14";
				CLANG_CXX_LIBRARY = "libc++";
				CLANG_ENABLE_MODULES = YES;
				CLANG_ENABLE_OBJC_ARC = YES;
				CLANG_ENABLE_OBJC_WEAK = YES;
				CLANG_WARN_BLOCK_CAPTURE_AUTORELEASING = YES;
				CLANG_WARN_BOOL_CONVERSION = YES;
				CLANG_WARN_COMMA = YES;
				CLANG_WARN_CONSTANT_CONVERSION = YES;
				CLANG_WARN_DEPRECATED_OBJC_IMPLEMENTATIONS = YES;
				CLANG_WARN_DIRECT_OBJC_ISA_USAGE = YES_ERROR;
				CLANG_WARN_DOCUMENTATION_COMMENTS = YES;
				CLANG_WARN_EMPTY_BODY = YES;
				CLANG_WARN_ENUM_CONVERSION = YES;
				CLANG_WARN_INFINITE_RECURSION = YES;
				CLANG_WARN_INT_CONVERSION = YES;
				CLANG_WARN_NON_LITERAL_NULL_CONVERSION = YES;
				CLANG_WARN_OBJC_IMPLICIT_RETAIN_SELF = YES;
				CLANG_WARN_OBJC_LITERAL_CONVERSION = YES;
				CLANG_WARN_OBJC_ROOT_CLASS = YES_ERROR;
				CLANG_WARN_RANGE_LOOP_ANALYSIS = YES;
				CLANG_WARN_STRICT_PROTOTYPES = YES;
				CLANG_WARN_SUSPICIOUS_MOVE = YES;
				CLANG_WARN_UNGUARDED_AVAILABILITY = YES_AGGRESSIVE;
				CLANG_WARN_UNREACHABLE_CODE = YES;
				CLANG_WARN__DUPLICATE_METHOD_MATCH = YES;
				COPY_PHASE_STRIP = NO;
				DEBUG_INFORMATION_FORMAT = "dwarf-with-dsym";
				ENABLE_NS_ASSERTIONS = NO;
				ENABLE_STRICT_OBJC_MSGSEND = YES;
				GCC_C_LANGUAGE_STANDARD = gnu11;
				GCC_NO_COMMON_BLOCKS = YES;
				GCC_WARN_64_TO_32_BIT_CONVERSION = YES;
				GCC_WARN_ABOUT_RETURN_TYPE = YES_ERROR;
				GCC_WARN_UNDECLARED_SELECTOR = YES;
				GCC_WARN_UNINITIALIZED_AUTOS = YES_AGGRESSIVE;
				GCC_WARN_UNUSED_FUNCTION = YES;
				GCC_WARN_UNUSED_VARIABLE = YES;
				IPHONEOS_DEPLOYMENT_TARGET = 13.5;
				MTL_ENABLE_DEBUG_INFO = NO;
				MTL_FAST_MATH = YES;
				SDKROOT = iphoneos;
				SWIFT_COMPILATION_MODE = wholemodule;
				SWIFT_OPTIMIZATION_LEVEL = "-O";
				VALIDATE_PRODUCT = YES;
			};
			name = Release;
		};
		1EBCAD8824D1B4CD00F83F2E /* Debug */ = {
			isa = XCBuildConfiguration;
			buildSettings = {
				ASSETCATALOG_COMPILER_APPICON_NAME = AppIcon;
				CODE_SIGN_ENTITLEMENTS = "Spot the WASTE/Spot the WASTE.entitlements";
				CODE_SIGN_STYLE = Automatic;
				DEVELOPMENT_TEAM = MV782KQLG2;
				INFOPLIST_FILE = "Spot the WASTE/Info.plist";
				LD_RUNPATH_SEARCH_PATHS = (
					"$(inherited)",
					"@executable_path/Frameworks",
				);
				PRODUCT_BUNDLE_IDENTIFIER = "Captain-Anubhv.Spot-the-WASTE";
				PRODUCT_NAME = "$(TARGET_NAME)";
				SUPPORTS_MACCATALYST = NO;
				SWIFT_VERSION = 5.0;
				TARGETED_DEVICE_FAMILY = "1,2";
			};
			name = Debug;
		};
		1EBCAD8924D1B4CD00F83F2E /* Release */ = {
			isa = XCBuildConfiguration;
			buildSettings = {
				ASSETCATALOG_COMPILER_APPICON_NAME = AppIcon;
				CODE_SIGN_ENTITLEMENTS = "Spot the WASTE/Spot the WASTE.entitlements";
				CODE_SIGN_STYLE = Automatic;
				DEVELOPMENT_TEAM = MV782KQLG2;
				INFOPLIST_FILE = "Spot the WASTE/Info.plist";
				LD_RUNPATH_SEARCH_PATHS = (
					"$(inherited)",
					"@executable_path/Frameworks",
				);
				PRODUCT_BUNDLE_IDENTIFIER = "Captain-Anubhv.Spot-the-WASTE";
				PRODUCT_NAME = "$(TARGET_NAME)";
				SUPPORTS_MACCATALYST = NO;
				SWIFT_VERSION = 5.0;
				TARGETED_DEVICE_FAMILY = "1,2";
			};
			name = Release;
		};
/* End XCBuildConfiguration section */

/* Begin XCConfigurationList section */
		1EBCAD6E24D1B4C900F83F2E /* Build configuration list for PBXProject "Spot the WASTE" */ = {
			isa = XCConfigurationList;
			buildConfigurations = (
				1EBCAD8524D1B4CD00F83F2E /* Debug */,
				1EBCAD8624D1B4CD00F83F2E /* Release */,
			);
			defaultConfigurationIsVisible = 0;
			defaultConfigurationName = Release;
		};
		1EBCAD8724D1B4CD00F83F2E /* Build configuration list for PBXNativeTarget "Spot the WASTE" */ = {
			isa = XCConfigurationList;
			buildConfigurations = (
				1EBCAD8824D1B4CD00F83F2E /* Debug */,
				1EBCAD8924D1B4CD00F83F2E /* Release */,
			);
			defaultConfigurationIsVisible = 0;
			defaultConfigurationName = Release;
		};
/* End XCConfigurationList section */
	};
	rootObject = 1EBCAD6B24D1B4C900F83F2E /* Project object */;
}
